
Microsoft Visual Studio Solution File, Format Version 12.00
# Visual Studio Version 17
VisualStudioVersion = 17.0.31903.59
MinimumVisualStudioVersion = 10.0.40219.1
Project("{2150E333-8FDC-42A3-9474-1A3956D46DE8}") = "src", "src", "{5D3C1FA3-74D5-42B2-B1C3-841B7491C5B4}"
EndProject
Project("{F2A71F9B-5D33-465A-A702-920D77279786}") = "WldMr.Numerics.LinAlg", "src\WldMr.Numerics.LinAlg\WldMr.Numerics.LinAlg.fsproj", "{68B49E51-04B4-40E0-8690-AD0B7A9E4B35}"
EndProject
Project("{F2A71F9B-5D33-465A-A702-920D77279786}") = "WldMr.Numerics.DiffSharp", "src\WldMr.Numerics.DiffSharp\WldMr.Numerics.DiffSharp.fsproj", "{F8F3704C-338C-4971-8931-8B460D8EC2EB}"
EndProject
Project("{2150E333-8FDC-42A3-9474-1A3956D46DE8}") = "tests", "tests", "{E6E182B2-44F9-4E2B-96F8-61CD08827449}"
EndProject
Project("{F2A71F9B-5D33-465A-A702-920D77279786}") = "WldMr.Numerics.DiffSharp.Checks", "tests\WldMr.Numerics.DiffSharp.Checks\WldMr.Numerics.DiffSharp.Checks.fsproj", "{915D2EFB-CCD6-4BF7-AA91-5FEDE2FAB712}"
EndProject
Project("{F2A71F9B-5D33-465A-A702-920D77279786}") = "WldMr.Numerics.LinAlg.Tests", "tests\WldMr.Numerics.LinAlg.Tests\WldMr.Numerics.LinAlg.Tests.fsproj", "{4ECAAFDC-896E-4EF2-8889-F9483B049B4F}"
EndProject
Project("{2150E333-8FDC-42A3-9474-1A3956D46DE8}") = "_configfiles", "_configfiles", "{59BA6FC6-C203-4243-A299-CC71D4EFDC9B}"
	ProjectSection(SolutionItems) = preProject
		.gitattributes = .gitattributes
		.gitignore = .gitignore
		azure-pipelines.yml = azure-pipelines.yml
		Build.ps1 = Build.ps1
		Clean.ps1 = Clean.ps1
		global.json = global.json
		paket.dependencies = paket.dependencies
		paket.lock = paket.lock
		README.md = README.md
		.editorconfig = .editorconfig
	EndProjectSection
EndProject
Project("{2150E333-8FDC-42A3-9474-1A3956D46DE8}") = ".config", ".config", "{04FDD5D4-739E-4627-87C5-6711178E5A5F}"
	ProjectSection(SolutionItems) = preProject
		.config\dotnet-tools.json = .config\dotnet-tools.json
	EndProjectSection
EndProject
Global
	GlobalSection(SolutionConfigurationPlatforms) = preSolution
		Debug|Any CPU = Debug|Any CPU
		Release|Any CPU = Release|Any CPU
	EndGlobalSection
	GlobalSection(SolutionProperties) = preSolution
		HideSolutionNode = FALSE
	EndGlobalSection
	GlobalSection(ProjectConfigurationPlatforms) = postSolution
		{68B49E51-04B4-40E0-8690-AD0B7A9E4B35}.Debug|Any CPU.ActiveCfg = Debug|Any CPU
		{68B49E51-04B4-40E0-8690-AD0B7A9E4B35}.Debug|Any CPU.Build.0 = Debug|Any CPU
		{68B49E51-04B4-40E0-8690-AD0B7A9E4B35}.Release|Any CPU.ActiveCfg = Release|Any CPU
		{68B49E51-04B4-40E0-8690-AD0B7A9E4B35}.Release|Any CPU.Build.0 = Release|Any CPU
		{F8F3704C-338C-4971-8931-8B460D8EC2EB}.Debug|Any CPU.ActiveCfg = Debug|Any CPU
		{F8F3704C-338C-4971-8931-8B460D8EC2EB}.Debug|Any CPU.Build.0 = Debug|Any CPU
		{F8F3704C-338C-4971-8931-8B460D8EC2EB}.Release|Any CPU.ActiveCfg = Release|Any CPU
		{F8F3704C-338C-4971-8931-8B460D8EC2EB}.Release|Any CPU.Build.0 = Release|Any CPU
		{915D2EFB-CCD6-4BF7-AA91-5FEDE2FAB712}.Debug|Any CPU.ActiveCfg = Debug|Any CPU
		{915D2EFB-CCD6-4BF7-AA91-5FEDE2FAB712}.Debug|Any CPU.Build.0 = Debug|Any CPU
		{915D2EFB-CCD6-4BF7-AA91-5FEDE2FAB712}.Release|Any CPU.ActiveCfg = Release|Any CPU
		{915D2EFB-CCD6-4BF7-AA91-5FEDE2FAB712}.Release|Any CPU.Build.0 = Release|Any CPU
		{4ECAAFDC-896E-4EF2-8889-F9483B049B4F}.Debug|Any CPU.ActiveCfg = Debug|Any CPU
		{4ECAAFDC-896E-4EF2-8889-F9483B049B4F}.Debug|Any CPU.Build.0 = Debug|Any CPU
		{4ECAAFDC-896E-4EF2-8889-F9483B049B4F}.Release|Any CPU.ActiveCfg = Release|Any CPU
		{4ECAAFDC-896E-4EF2-8889-F9483B049B4F}.Release|Any CPU.Build.0 = Release|Any CPU
	EndGlobalSection
	GlobalSection(NestedProjects) = preSolution
		{68B49E51-04B4-40E0-8690-AD0B7A9E4B35} = {5D3C1FA3-74D5-42B2-B1C3-841B7491C5B4}
		{F8F3704C-338C-4971-8931-8B460D8EC2EB} = {5D3C1FA3-74D5-42B2-B1C3-841B7491C5B4}
		{915D2EFB-CCD6-4BF7-AA91-5FEDE2FAB712} = {E6E182B2-44F9-4E2B-96F8-61CD08827449}
		{4ECAAFDC-896E-4EF2-8889-F9483B049B4F} = {E6E182B2-44F9-4E2B-96F8-61CD08827449}
		{04FDD5D4-739E-4627-87C5-6711178E5A5F} = {59BA6FC6-C203-4243-A299-CC71D4EFDC9B}
	EndGlobalSection
EndGlobal
